<?xml version="1.0" encoding="utf-8"?>
<Project ToolsVersion="4.0" xmlns="http://schemas.microsoft.com/developer/msbuild/2003">
  <ItemGroup>
    <Filter Include="Source Files">
      <UniqueIdentifier>{4FC737F1-C7A5-4376-A066-2A32D752A2FF}</UniqueIdentifier>
      <Extensions>cpp;c;cc;cxx;def;odl;idl;hpj;bat;asm;asmx</Extensions>
    </Filter>
    <Filter Include="Resource headers">
      <UniqueIdentifier>{93995380-89BD-4b04-88EB-625FBE52EBFB}</UniqueIdentifier>
      <Extensions>h;hpp;hxx;hm;inl;inc;xsd</Extensions>
    </Filter>
    <Filter Include="Resource Files">
      <UniqueIdentifier>{67DA6AB6-F800-4c08-8B7A-83BB121AAD01}</UniqueIdentifier>
      <Extensions>rc;ico;cur;bmp;dlg;rc2;rct;bin;rgs;gif;jpg;jpeg;jpe;resx;tiff;tif;png;wav</Extensions>
    </Filter>
    <Filter Include="Resource Files\Fonts">
      <UniqueIdentifier>{38e4c2c1-5b48-4ddc-b681-87bd7ed3ad04}</UniqueIdentifier>
    </Filter>
    <Filter Include="Resource Files\Music">
      <UniqueIdentifier>{d83060d7-80a7-46ec-83db-97afeac4144e}</UniqueIdentifier>
    </Filter>
    <Filter Include="Game Headers">
      <UniqueIdentifier>{24809611-a907-4ad8-9b53-dada41b69508}</UniqueIdentifier>
    </Filter>
    <Filter Include="Engine">
      <UniqueIdentifier>{2feb1d30-b242-4543-9f58-1cd8ebe2c367}</UniqueIdentifier>
    </Filter>
    <Filter Include="Resource Files\Headers">
      <UniqueIdentifier>{bef3c922-6324-4277-a2d5-51319b5f853b}</UniqueIdentifier>
    </Filter>
    <Filter Include="Engine\State Machine">
      <UniqueIdentifier>{3cf8308c-8455-4e0a-8056-addedaaa27a8}</UniqueIdentifier>
    </Filter>
    <Filter Include="Engine\State Machine\States">
      <UniqueIdentifier>{1b4c2d89-d675-4875-aaa1-f6c24c47a216}</UniqueIdentifier>
    </Filter>
  </ItemGroup>
  <ItemGroup>
    <ClCompile Include="Main.cpp">
      <Filter>Source Files</Filter>
    </ClCompile>
    <ClCompile Include="Player.cpp">
      <Filter>Source Files</Filter>
    </ClCompile>
    <ClCompile Include="spoint.cpp">
      <Filter>Source Files</Filter>
    </ClCompile>
    <ClCompile Include="World.cpp">
      <Filter>Source Files</Filter>
    </ClCompile>
    <ClCompile Include="SDL_GameEngine.cpp">
      <Filter>Engine</Filter>
    </ClCompile>
    <ClCompile Include="SDL_Resource.cpp">
      <Filter>Resource Files\Headers</Filter>
    </ClCompile>
    <ClCompile Include="EngineOwnedStates.cpp">
      <Filter>Engine\State Machine\States</Filter>
    </ClCompile>
    <ClCompile Include="Menu.cpp">
      <Filter>Resource Files\Headers</Filter>
    </ClCompile>
    <ClCompile Include="GameOwnedStates.cpp">
      <Filter>Engine\State Machine\States</Filter>
    </ClCompile>
    <ClCompile Include="SDL_SplashScreen.cpp">
      <Filter>Resource Files\Headers</Filter>
    </ClCompile>
    <ClCompile Include="SDL_Sprite.cpp">
      <Filter>Source Files</Filter>
    </ClCompile>
  </ItemGroup>
  <ItemGroup>
    <ClInclude Include="audioHandler.h">
      <Filter>Resource headers</Filter>
    </ClInclude>
    <ClInclude Include="ButtonAndWindow.h">
      <Filter>Resource headers</Filter>
    </ClInclude>
    <ClInclude Include="graphics_constants.h">
      <Filter>Resource headers</Filter>
    </ClInclude>
    <ClInclude Include="spoint.h">
      <Filter>Resource headers</Filter>
    </ClInclude>
    <ClInclude Include="srect.h">
      <Filter>Resource headers</Filter>
    </ClInclude>
    <ClInclude Include="surfaceFunctions.h">
      <Filter>Resource headers</Filter>
    </ClInclude>
    <ClInclude Include="trueTextPrinter.h">
      <Filter>Resource headers</Filter>
    </ClInclude>
    <ClInclude Include="UserInput.h">
      <Filter>Resource headers</Filter>
    </ClInclude>
    <ClInclude Include="Armor.h">
      <Filter>Game Headers</Filter>
    </ClInclude>
    <ClInclude Include="Chip.h">
      <Filter>Game Headers</Filter>
    </ClInclude>
    <ClInclude Include="Entity.h">
      <Filter>Game Headers</Filter>
    </ClInclude>
    <ClInclude Include="Hud.h">
      <Filter>Game Headers</Filter>
    </ClInclude>
    <ClInclude Include="Magic.h">
      <Filter>Game Headers</Filter>
    </ClInclude>
    <ClInclude Include="Player.h">
      <Filter>Game Headers</Filter>
    </ClInclude>
    <ClInclude Include="Weapon.h">
      <Filter>Game Headers</Filter>
    </ClInclude>
    <ClInclude Include="World.h">
      <Filter>Game Headers</Filter>
    </ClInclude>
    <ClInclude Include="SDL_GameEngine.h">
      <Filter>Engine</Filter>
    </ClInclude>
    <ClInclude Include="SDL_Resource.h">
      <Filter>Resource Files\Headers</Filter>
    </ClInclude>
    <ClInclude Include="Global.h">
      <Filter>Game Headers</Filter>
    </ClInclude>
    <ClInclude Include="State.h">
      <Filter>Engine\State Machine</Filter>
    </ClInclude>
    <ClInclude Include="EngineOwnedStates.h">
      <Filter>Engine\State Machine\States</Filter>
    </ClInclude>
    <ClInclude Include="templatearray.h">
      <Filter>Resource headers</Filter>
    </ClInclude>
    <ClInclude Include="templatevector.h">
      <Filter>Resource headers</Filter>
    </ClInclude>
    <ClInclude Include="Menu.h">
      <Filter>Resource Files\Headers</Filter>
    </ClInclude>
    <ClInclude Include="Menu_Button.h">
      <Filter>Resource Files\Headers</Filter>
    </ClInclude>
    <ClInclude Include="GameOwnedStates.h">
      <Filter>Engine\State Machine\States</Filter>
    </ClInclude>
    <ClInclude Include="SDL_SplashScreen.h">
      <Filter>Resource Files\Headers</Filter>
    </ClInclude>
    <ClInclude Include="SDL_Sprite.h">
      <Filter>Resource headers</Filter>
    </ClInclude>
  </ItemGroup>
  <ItemGroup>
    <None Include="arial.ttf">
      <Filter>Resource Files\Fonts</Filter>
    </None>
    <None Include="Music\Track0.mp3">
      <Filter>Resource Files\Music</Filter>
    </None>
    <None Include="Music\Track1.mp3">
      <Filter>Resource Files\Music</Filter>
    </None>
    <None Include="Music\Track2.mp3">
      <Filter>Resource Files\Music</Filter>
    </None>
    <None Include="Music\Track3.mp3">
      <Filter>Resource Files\Music</Filter>
    </None>
    <None Include="Music\Track4.mp3">
      <Filter>Resource Files\Music</Filter>
    </None>
    <None Include="Music\Track5.mp3">
      <Filter>Resource Files\Music</Filter>
    </None>
    <None Include="Music\Track6.mp3">
      <Filter>Resource Files\Music</Filter>
    </None>
    <None Include="Music\Track7.mp3">
      <Filter>Resource Files\Music</Filter>
    </None>
    <None Include="Music\Track8.mp3">
      <Filter>Resource Files\Music</Filter>
    </None>
  </ItemGroup>
</Project>