<?xml version="1.0" encoding="utf-8"?>
<Project ToolsVersion="4.0" xmlns="http://schemas.microsoft.com/developer/msbuild/2003">
  <ItemGroup>
    <Filter Include="Source Files">
      <UniqueIdentifier>{4FC737F1-C7A5-4376-A066-2A32D752A2FF}</UniqueIdentifier>
      <Extensions>cpp;c;cc;cxx;def;odl;idl;hpj;bat;asm;asmx</Extensions>
    </Filter>
    <Filter Include="Resource headers">
      <UniqueIdentifier>{93995380-89BD-4b04-88EB-625FBE52EBFB}</UniqueIdentifier>
      <Extensions>h;hpp;hxx;hm;inl;inc;xsd</Extensions>
    </Filter>
    <Filter Include="Resource headers\Networking shit">
      <UniqueIdentifier>{c435c38a-8651-401e-93b6-cbe1a4e998ee}</UniqueIdentifier>
    </Filter>
    <Filter Include="Resource Files">
      <UniqueIdentifier>{67DA6AB6-F800-4c08-8B7A-83BB121AAD01}</UniqueIdentifier>
      <Extensions>rc;ico;cur;bmp;dlg;rc2;rct;bin;rgs;gif;jpg;jpeg;jpe;resx;tiff;tif;png;wav</Extensions>
    </Filter>
    <Filter Include="Resource Files\Fonts">
      <UniqueIdentifier>{2329b388-7027-41bc-8cab-5fbab4000901}</UniqueIdentifier>
    </Filter>
    <Filter Include="Resource Files\Music">
      <UniqueIdentifier>{e6db1bcd-ca95-4994-8bd9-6bfa57de0ccb}</UniqueIdentifier>
    </Filter>
    <Filter Include="Game Headers">
      <UniqueIdentifier>{dea871d2-f8e6-406e-9386-5e98664e170b}</UniqueIdentifier>
    </Filter>
  </ItemGroup>
  <ItemGroup>
    <ClCompile Include="Entity.cpp">
      <Filter>Source Files</Filter>
    </ClCompile>
    <ClCompile Include="Grid.cpp">
      <Filter>Source Files</Filter>
    </ClCompile>
    <ClCompile Include="Main.cpp">
      <Filter>Source Files</Filter>
    </ClCompile>
    <ClCompile Include="Minion.cpp">
      <Filter>Source Files</Filter>
    </ClCompile>
    <ClCompile Include="Player.cpp">
      <Filter>Source Files</Filter>
    </ClCompile>
    <ClCompile Include="SDL_Sprite.cpp">
      <Filter>Source Files</Filter>
    </ClCompile>
    <ClCompile Include="spoint.cpp">
      <Filter>Source Files</Filter>
    </ClCompile>
    <ClCompile Include="surfaceFunctions.cpp">
      <Filter>Source Files</Filter>
    </ClCompile>
    <ClCompile Include="World.cpp">
      <Filter>Source Files</Filter>
    </ClCompile>
    <ClCompile Include="bytebuffer.cpp">
      <Filter>Resource headers\Networking shit</Filter>
    </ClCompile>
    <ClCompile Include="clientmodule.cpp">
      <Filter>Resource headers\Networking shit</Filter>
    </ClCompile>
    <ClCompile Include="netmodule.cpp">
      <Filter>Resource headers\Networking shit</Filter>
    </ClCompile>
    <ClCompile Include="servermodule.cpp">
      <Filter>Resource headers\Networking shit</Filter>
    </ClCompile>
    <ClCompile Include="winsockerrorhelp.cpp">
      <Filter>Resource headers\Networking shit</Filter>
    </ClCompile>
  </ItemGroup>
  <ItemGroup>
    <ClInclude Include="audioHandler.h">
      <Filter>Resource headers</Filter>
    </ClInclude>
    <ClInclude Include="ButtonAndWindow.h">
      <Filter>Resource headers</Filter>
    </ClInclude>
    <ClInclude Include="graphics_constants.h">
      <Filter>Resource headers</Filter>
    </ClInclude>
    <ClInclude Include="spoint.h">
      <Filter>Resource headers</Filter>
    </ClInclude>
    <ClInclude Include="srect.h">
      <Filter>Resource headers</Filter>
    </ClInclude>
    <ClInclude Include="surfaceFunctions.h">
      <Filter>Resource headers</Filter>
    </ClInclude>
    <ClInclude Include="templateVector.h">
      <Filter>Resource headers</Filter>
    </ClInclude>
    <ClInclude Include="trueTextPrinter.h">
      <Filter>Resource headers</Filter>
    </ClInclude>
    <ClInclude Include="UserInput.h">
      <Filter>Resource headers</Filter>
    </ClInclude>
    <ClInclude Include="bytebuffer.h">
      <Filter>Resource headers\Networking shit</Filter>
    </ClInclude>
    <ClInclude Include="clientmodule.h">
      <Filter>Resource headers\Networking shit</Filter>
    </ClInclude>
    <ClInclude Include="myPacket.h">
      <Filter>Resource headers\Networking shit</Filter>
    </ClInclude>
    <ClInclude Include="netmodule.h">
      <Filter>Resource headers\Networking shit</Filter>
    </ClInclude>
    <ClInclude Include="servermodule.h">
      <Filter>Resource headers\Networking shit</Filter>
    </ClInclude>
    <ClInclude Include="templatearray.h">
      <Filter>Resource headers\Networking shit</Filter>
    </ClInclude>
    <ClInclude Include="templatevector2.h">
      <Filter>Resource headers\Networking shit</Filter>
    </ClInclude>
    <ClInclude Include="winsockerrorhelp.h">
      <Filter>Resource headers\Networking shit</Filter>
    </ClInclude>
    <ClInclude Include="Armor.h">
      <Filter>Game Headers</Filter>
    </ClInclude>
    <ClInclude Include="Chip.h">
      <Filter>Game Headers</Filter>
    </ClInclude>
    <ClInclude Include="Entity.h">
      <Filter>Game Headers</Filter>
    </ClInclude>
    <ClInclude Include="Grid.h">
      <Filter>Game Headers</Filter>
    </ClInclude>
    <ClInclude Include="Hud.h">
      <Filter>Game Headers</Filter>
    </ClInclude>
    <ClInclude Include="Magic.h">
      <Filter>Game Headers</Filter>
    </ClInclude>
    <ClInclude Include="Minion.h">
      <Filter>Game Headers</Filter>
    </ClInclude>
    <ClInclude Include="NPC.h">
      <Filter>Game Headers</Filter>
    </ClInclude>
    <ClInclude Include="Player.h">
      <Filter>Game Headers</Filter>
    </ClInclude>
    <ClInclude Include="SDL_Sprite.h">
      <Filter>Game Headers</Filter>
    </ClInclude>
    <ClInclude Include="Weapon.h">
      <Filter>Game Headers</Filter>
    </ClInclude>
    <ClInclude Include="World.h">
      <Filter>Game Headers</Filter>
    </ClInclude>
  </ItemGroup>
  <ItemGroup>
    <None Include="arial.ttf">
      <Filter>Resource Files\Fonts</Filter>
    </None>
    <None Include="Music\Track0.mp3">
      <Filter>Resource Files\Music</Filter>
    </None>
    <None Include="Music\Track1.mp3">
      <Filter>Resource Files\Music</Filter>
    </None>
    <None Include="Music\Track2.mp3">
      <Filter>Resource Files\Music</Filter>
    </None>
    <None Include="Music\Track3.mp3">
      <Filter>Resource Files\Music</Filter>
    </None>
    <None Include="Music\Track4.mp3">
      <Filter>Resource Files\Music</Filter>
    </None>
    <None Include="Music\Track5.mp3">
      <Filter>Resource Files\Music</Filter>
    </None>
    <None Include="Music\Track6.mp3">
      <Filter>Resource Files\Music</Filter>
    </None>
    <None Include="Music\Track7.mp3">
      <Filter>Resource Files\Music</Filter>
    </None>
    <None Include="Music\Track8.mp3">
      <Filter>Resource Files\Music</Filter>
    </None>
  </ItemGroup>
</Project>